
Microsoft Visual Studio Solution File, Format Version 12.00
# Visual Studio Version 16
VisualStudioVersion = 16.0.31424.327
MinimumVisualStudioVersion = 10.0.40219.1
Project("{9A19103F-16F7-4668-BE54-9A1E7A4F7556}") = "TravelExpert.GUI", "TravelExpert.GUI\TravelExpert.GUI.csproj", "{9CB439AD-9C06-4517-A362-131F05713216}"
EndProject
Project("{9A19103F-16F7-4668-BE54-9A1E7A4F7556}") = "TravelExpert.BLL", "TravelExpert.BLL\TravelExpert.BLL.csproj", "{234640E1-0F49-416E-9BC3-373002863E93}"
EndProject
Project("{FAE04EC0-301F-11D3-BF4B-00C04F79EFBC}") = "TravelExpert.Data", "TravelExpert.Data\TravelExpert.Data.csproj", "{8E329F12-4284-4A72-BFE0-C7E0F0627810}"
EndProject
Global
	GlobalSection(SolutionConfigurationPlatforms) = preSolution
		Debug|Any CPU = Debug|Any CPU
		Release|Any CPU = Release|Any CPU
	EndGlobalSection
	GlobalSection(ProjectConfigurationPlatforms) = postSolution
		{9CB439AD-9C06-4517-A362-131F05713216}.Debug|Any CPU.ActiveCfg = Debug|Any CPU
		{9CB439AD-9C06-4517-A362-131F05713216}.Debug|Any CPU.Build.0 = Debug|Any CPU
		{9CB439AD-9C06-4517-A362-131F05713216}.Release|Any CPU.ActiveCfg = Release|Any CPU
		{9CB439AD-9C06-4517-A362-131F05713216}.Release|Any CPU.Build.0 = Release|Any CPU
		{234640E1-0F49-416E-9BC3-373002863E93}.Debug|Any CPU.ActiveCfg = Debug|Any CPU
		{234640E1-0F49-416E-9BC3-373002863E93}.Debug|Any CPU.Build.0 = Debug|Any CPU
		{234640E1-0F49-416E-9BC3-373002863E93}.Release|Any CPU.ActiveCfg = Release|Any CPU
		{234640E1-0F49-416E-9BC3-373002863E93}.Release|Any CPU.Build.0 = Release|Any CPU
		{8E329F12-4284-4A72-BFE0-C7E0F0627810}.Debug|Any CPU.ActiveCfg = Debug|Any CPU
		{8E329F12-4284-4A72-BFE0-C7E0F0627810}.Debug|Any CPU.Build.0 = Debug|Any CPU
		{8E329F12-4284-4A72-BFE0-C7E0F0627810}.Release|Any CPU.ActiveCfg = Release|Any CPU
		{8E329F12-4284-4A72-BFE0-C7E0F0627810}.Release|Any CPU.Build.0 = Release|Any CPU
	EndGlobalSection
	GlobalSection(SolutionProperties) = preSolution
		HideSolutionNode = FALSE
	EndGlobalSection
	GlobalSection(ExtensibilityGlobals) = postSolution
		SolutionGuid = {17A65961-990D-443D-9F89-2B3D22D5C234}
	EndGlobalSection
EndGlobal
